
Microsoft Visual Studio Solution File, Format Version 12.00
# Visual Studio Version 16
VisualStudioVersion = 16.0.31729.503
MinimumVisualStudioVersion = 10.0.40219.1
Project("{FAE04EC0-301F-11D3-BF4B-00C04F79EFBC}") = "WorldWord_App", "WorldWord_App\WorldWord_App.csproj", "{01C1664D-F1FB-4537-A8DF-EAD19A927918}"
EndProject
Project("{FAE04EC0-301F-11D3-BF4B-00C04F79EFBC}") = "WorldWord_DataLayer", "WorldWord_DataLayer\WorldWord_DataLayer.csproj", "{BD2C2D0F-5AA7-4711-8023-7C04CA9FD809}"
EndProject
Global
	GlobalSection(SolutionConfigurationPlatforms) = preSolution
		Debug|Any CPU = Debug|Any CPU
		Release|Any CPU = Release|Any CPU
	EndGlobalSection
	GlobalSection(ProjectConfigurationPlatforms) = postSolution
		{01C1664D-F1FB-4537-A8DF-EAD19A927918}.Debug|Any CPU.ActiveCfg = Debug|Any CPU
		{01C1664D-F1FB-4537-A8DF-EAD19A927918}.Debug|Any CPU.Build.0 = Debug|Any CPU
		{01C1664D-F1FB-4537-A8DF-EAD19A927918}.Release|Any CPU.ActiveCfg = Release|Any CPU
		{01C1664D-F1FB-4537-A8DF-EAD19A927918}.Release|Any CPU.Build.0 = Release|Any CPU
		{BD2C2D0F-5AA7-4711-8023-7C04CA9FD809}.Debug|Any CPU.ActiveCfg = Debug|Any CPU
		{BD2C2D0F-5AA7-4711-8023-7C04CA9FD809}.Debug|Any CPU.Build.0 = Debug|Any CPU
		{BD2C2D0F-5AA7-4711-8023-7C04CA9FD809}.Release|Any CPU.ActiveCfg = Release|Any CPU
		{BD2C2D0F-5AA7-4711-8023-7C04CA9FD809}.Release|Any CPU.Build.0 = Release|Any CPU
	EndGlobalSection
	GlobalSection(SolutionProperties) = preSolution
		HideSolutionNode = FALSE
	EndGlobalSection
	GlobalSection(ExtensibilityGlobals) = postSolution
		SolutionGuid = {F8BDFDF4-1B33-48F6-9A60-85D08D3B387A}
	EndGlobalSection
EndGlobal
